
Microsoft Visual Studio Solution File, Format Version 12.00
# Visual Studio Version 16
VisualStudioVersion = 25.0.1706.7
MinimumVisualStudioVersion = 10.0.40219.1
Project("{FAE04EC0-301F-11D3-BF4B-00C04F79EFBC}") = "punto", "punto\punto.csproj", "{FA6A94AE-CC1E-44DB-9060-8C2BA50FAEB7}"
EndProject
Global
	GlobalSection(SolutionConfigurationPlatforms) = preSolution
		Debug|Any CPU = Debug|Any CPU
		Release|Any CPU = Release|Any CPU
	EndGlobalSection
	GlobalSection(ProjectConfigurationPlatforms) = postSolution
		{FA6A94AE-CC1E-44DB-9060-8C2BA50FAEB7}.Debug|Any CPU.ActiveCfg = Debug|Any CPU
		{FA6A94AE-CC1E-44DB-9060-8C2BA50FAEB7}.Debug|Any CPU.Build.0 = Debug|Any CPU
		{FA6A94AE-CC1E-44DB-9060-8C2BA50FAEB7}.Release|Any CPU.ActiveCfg = Release|Any CPU
		{FA6A94AE-CC1E-44DB-9060-8C2BA50FAEB7}.Release|Any CPU.Build.0 = Release|Any CPU
	EndGlobalSection
	GlobalSection(SolutionProperties) = preSolution
		HideSolutionNode = FALSE
	EndGlobalSection
	GlobalSection(ExtensibilityGlobals) = postSolution
		SolutionGuid = {3DCCEEDA-3606-4DD7-B539-2B79BDA02696}
	EndGlobalSection
EndGlobal
